
Microsoft Visual Studio Solution File, Format Version 12.00
# Visual Studio Version 17
VisualStudioVersion = 17.5.002.0
MinimumVisualStudioVersion = 10.0.40219.1
Project("{9A19103F-16F7-4668-BE54-9A1E7A4F7556}") = "Week10", "Week10.csproj", "{0BE32C60-6884-485D-9999-8F5CA80FA42A}"
EndProject
Global
	GlobalSection(SolutionConfigurationPlatforms) = preSolution
		Debug|Any CPU = Debug|Any CPU
		Release|Any CPU = Release|Any CPU
	EndGlobalSection
	GlobalSection(ProjectConfigurationPlatforms) = postSolution
		{0BE32C60-6884-485D-9999-8F5CA80FA42A}.Debug|Any CPU.ActiveCfg = Debug|Any CPU
		{0BE32C60-6884-485D-9999-8F5CA80FA42A}.Debug|Any CPU.Build.0 = Debug|Any CPU
		{0BE32C60-6884-485D-9999-8F5CA80FA42A}.Release|Any CPU.ActiveCfg = Release|Any CPU
		{0BE32C60-6884-485D-9999-8F5CA80FA42A}.Release|Any CPU.Build.0 = Release|Any CPU
	EndGlobalSection
	GlobalSection(SolutionProperties) = preSolution
		HideSolutionNode = FALSE
	EndGlobalSection
	GlobalSection(ExtensibilityGlobals) = postSolution
		SolutionGuid = {86FB123E-B4E2-46BB-8D7B-534145179368}
	EndGlobalSection
EndGlobal
