
Microsoft Visual Studio Solution File, Format Version 12.00
# Visual Studio Version 17
VisualStudioVersion = 17.5.002.0
MinimumVisualStudioVersion = 10.0.40219.1
Project("{9A19103F-16F7-4668-BE54-9A1E7A4F7556}") = "CaseStudy3", "CaseStudy3.csproj", "{7226CC9B-6431-48A7-9537-1F13CC74D18C}"
EndProject
Global
	GlobalSection(SolutionConfigurationPlatforms) = preSolution
		Debug|Any CPU = Debug|Any CPU
		Release|Any CPU = Release|Any CPU
	EndGlobalSection
	GlobalSection(ProjectConfigurationPlatforms) = postSolution
		{7226CC9B-6431-48A7-9537-1F13CC74D18C}.Debug|Any CPU.ActiveCfg = Debug|Any CPU
		{7226CC9B-6431-48A7-9537-1F13CC74D18C}.Debug|Any CPU.Build.0 = Debug|Any CPU
		{7226CC9B-6431-48A7-9537-1F13CC74D18C}.Release|Any CPU.ActiveCfg = Release|Any CPU
		{7226CC9B-6431-48A7-9537-1F13CC74D18C}.Release|Any CPU.Build.0 = Release|Any CPU
	EndGlobalSection
	GlobalSection(SolutionProperties) = preSolution
		HideSolutionNode = FALSE
	EndGlobalSection
	GlobalSection(ExtensibilityGlobals) = postSolution
		SolutionGuid = {8BF0FC50-364E-4984-88B4-5D7DC44CEBF2}
	EndGlobalSection
EndGlobal
